// !$*UTF8*$!
{
	archiveVersion = 1;
	classes = {
	};
	objectVersion = 55;
	objects = {

/* Begin PBXBuildFile section */
		B7E24236284B6B6300A7FE0A /* AppDelegate.swift in Sources */ = {isa = PBXBuildFile; fileRef = B7E24235284B6B6300A7FE0A /* AppDelegate.swift */; };
		B7E24238284B6B6300A7FE0A /* SceneDelegate.swift in Sources */ = {isa = PBXBuildFile; fileRef = B7E24237284B6B6300A7FE0A /* SceneDelegate.swift */; };
		B7E2423D284B6B6300A7FE0A /* Main.storyboard in Resources */ = {isa = PBXBuildFile; fileRef = B7E2423B284B6B6300A7FE0A /* Main.storyboard */; };
		B7E24240284B6B6300A7FE0A /* DevartLabTask.xcdatamodeld in Sources */ = {isa = PBXBuildFile; fileRef = B7E2423E284B6B6300A7FE0A /* DevartLabTask.xcdatamodeld */; };
		B7E24242284B6B6400A7FE0A /* Assets.xcassets in Resources */ = {isa = PBXBuildFile; fileRef = B7E24241284B6B6400A7FE0A /* Assets.xcassets */; };
		B7E24245284B6B6400A7FE0A /* LaunchScreen.storyboard in Resources */ = {isa = PBXBuildFile; fileRef = B7E24243284B6B6400A7FE0A /* LaunchScreen.storyboard */; };
		B7E24250284B6B6400A7FE0A /* DevartLabTaskTests.swift in Sources */ = {isa = PBXBuildFile; fileRef = B7E2424F284B6B6400A7FE0A /* DevartLabTaskTests.swift */; };
		B7E2425A284B6B6400A7FE0A /* DevartLabTaskUITests.swift in Sources */ = {isa = PBXBuildFile; fileRef = B7E24259284B6B6400A7FE0A /* DevartLabTaskUITests.swift */; };
		B7E2425C284B6B6400A7FE0A /* DevartLabTaskUITestsLaunchTests.swift in Sources */ = {isa = PBXBuildFile; fileRef = B7E2425B284B6B6400A7FE0A /* DevartLabTaskUITestsLaunchTests.swift */; };
		B7E24277284B6CE200A7FE0A /* CoreDataRepository.swift in Sources */ = {isa = PBXBuildFile; fileRef = B7E24276284B6CE200A7FE0A /* CoreDataRepository.swift */; };
		B7E24279284B6D4400A7FE0A /* UIView.swift in Sources */ = {isa = PBXBuildFile; fileRef = B7E24278284B6D4400A7FE0A /* UIView.swift */; };
		B7E2427B284B6D5800A7FE0A /* UIWindow.swift in Sources */ = {isa = PBXBuildFile; fileRef = B7E2427A284B6D5800A7FE0A /* UIWindow.swift */; };
		B7E24280284B6E8700A7FE0A /* UserModel.swift in Sources */ = {isa = PBXBuildFile; fileRef = B7E2427F284B6E8700A7FE0A /* UserModel.swift */; };
		B7E24282284B729E00A7FE0A /* UserRepo.swift in Sources */ = {isa = PBXBuildFile; fileRef = B7E24281284B729E00A7FE0A /* UserRepo.swift */; };
		B7E24284284B730900A7FE0A /* UserLocalRepo.swift in Sources */ = {isa = PBXBuildFile; fileRef = B7E24283284B730900A7FE0A /* UserLocalRepo.swift */; };
		B7E24287284B733F00A7FE0A /* RError.swift in Sources */ = {isa = PBXBuildFile; fileRef = B7E24286284B733F00A7FE0A /* RError.swift */; };
		B7E2428A284B74C200A7FE0A /* AppStorage.swift in Sources */ = {isa = PBXBuildFile; fileRef = B7E24289284B74C200A7FE0A /* AppStorage.swift */; };
		B7E2428C284B74EB00A7FE0A /* StorageType.swift in Sources */ = {isa = PBXBuildFile; fileRef = B7E2428B284B74EB00A7FE0A /* StorageType.swift */; };
		B7E2428F284B771D00A7FE0A /* UserDemoRepo.swift in Sources */ = {isa = PBXBuildFile; fileRef = B7E2428E284B771D00A7FE0A /* UserDemoRepo.swift */; };
		B7E24292284B787000A7FE0A /* UserRepoInOut.swift in Sources */ = {isa = PBXBuildFile; fileRef = B7E24291284B787000A7FE0A /* UserRepoInOut.swift */; };
/* End PBXBuildFile section */

/* Begin PBXContainerItemProxy section */
		B7E2424C284B6B6400A7FE0A /* PBXContainerItemProxy */ = {
			isa = PBXContainerItemProxy;
			containerPortal = B7E2422A284B6B6300A7FE0A /* Project object */;
			proxyType = 1;
			remoteGlobalIDString = B7E24231284B6B6300A7FE0A;
			remoteInfo = DevartLabTask;
		};
		B7E24256284B6B6400A7FE0A /* PBXContainerItemProxy */ = {
			isa = PBXContainerItemProxy;
			containerPortal = B7E2422A284B6B6300A7FE0A /* Project object */;
			proxyType = 1;
			remoteGlobalIDString = B7E24231284B6B6300A7FE0A;
			remoteInfo = DevartLabTask;
		};
/* End PBXContainerItemProxy section */

/* Begin PBXFileReference section */
		B7E24232284B6B6300A7FE0A /* DevartLabTask.app */ = {isa = PBXFileReference; explicitFileType = wrapper.application; includeInIndex = 0; path = DevartLabTask.app; sourceTree = BUILT_PRODUCTS_DIR; };
		B7E24235284B6B6300A7FE0A /* AppDelegate.swift */ = {isa = PBXFileReference; lastKnownFileType = sourcecode.swift; path = AppDelegate.swift; sourceTree = "<group>"; };
		B7E24237284B6B6300A7FE0A /* SceneDelegate.swift */ = {isa = PBXFileReference; lastKnownFileType = sourcecode.swift; path = SceneDelegate.swift; sourceTree = "<group>"; };
		B7E2423C284B6B6300A7FE0A /* Base */ = {isa = PBXFileReference; lastKnownFileType = file.storyboard; name = Base; path = Base.lproj/Main.storyboard; sourceTree = "<group>"; };
		B7E2423F284B6B6300A7FE0A /* DevartLabTask.xcdatamodel */ = {isa = PBXFileReference; lastKnownFileType = wrapper.xcdatamodel; path = DevartLabTask.xcdatamodel; sourceTree = "<group>"; };
		B7E24241284B6B6400A7FE0A /* Assets.xcassets */ = {isa = PBXFileReference; lastKnownFileType = folder.assetcatalog; path = Assets.xcassets; sourceTree = "<group>"; };
		B7E24244284B6B6400A7FE0A /* Base */ = {isa = PBXFileReference; lastKnownFileType = file.storyboard; name = Base; path = Base.lproj/LaunchScreen.storyboard; sourceTree = "<group>"; };
		B7E24246284B6B6400A7FE0A /* Info.plist */ = {isa = PBXFileReference; lastKnownFileType = text.plist.xml; path = Info.plist; sourceTree = "<group>"; };
		B7E2424B284B6B6400A7FE0A /* DevartLabTaskTests.xctest */ = {isa = PBXFileReference; explicitFileType = wrapper.cfbundle; includeInIndex = 0; path = DevartLabTaskTests.xctest; sourceTree = BUILT_PRODUCTS_DIR; };
		B7E2424F284B6B6400A7FE0A /* DevartLabTaskTests.swift */ = {isa = PBXFileReference; lastKnownFileType = sourcecode.swift; path = DevartLabTaskTests.swift; sourceTree = "<group>"; };
		B7E24255284B6B6400A7FE0A /* DevartLabTaskUITests.xctest */ = {isa = PBXFileReference; explicitFileType = wrapper.cfbundle; includeInIndex = 0; path = DevartLabTaskUITests.xctest; sourceTree = BUILT_PRODUCTS_DIR; };
		B7E24259284B6B6400A7FE0A /* DevartLabTaskUITests.swift */ = {isa = PBXFileReference; lastKnownFileType = sourcecode.swift; path = DevartLabTaskUITests.swift; sourceTree = "<group>"; };
		B7E2425B284B6B6400A7FE0A /* DevartLabTaskUITestsLaunchTests.swift */ = {isa = PBXFileReference; lastKnownFileType = sourcecode.swift; path = DevartLabTaskUITestsLaunchTests.swift; sourceTree = "<group>"; };
		B7E24276284B6CE200A7FE0A /* CoreDataRepository.swift */ = {isa = PBXFileReference; lastKnownFileType = sourcecode.swift; path = CoreDataRepository.swift; sourceTree = "<group>"; };
		B7E24278284B6D4400A7FE0A /* UIView.swift */ = {isa = PBXFileReference; lastKnownFileType = sourcecode.swift; path = UIView.swift; sourceTree = "<group>"; };
		B7E2427A284B6D5800A7FE0A /* UIWindow.swift */ = {isa = PBXFileReference; lastKnownFileType = sourcecode.swift; path = UIWindow.swift; sourceTree = "<group>"; };
		B7E2427F284B6E8700A7FE0A /* UserModel.swift */ = {isa = PBXFileReference; lastKnownFileType = sourcecode.swift; path = UserModel.swift; sourceTree = "<group>"; };
		B7E24281284B729E00A7FE0A /* UserRepo.swift */ = {isa = PBXFileReference; lastKnownFileType = sourcecode.swift; path = UserRepo.swift; sourceTree = "<group>"; };
		B7E24283284B730900A7FE0A /* UserLocalRepo.swift */ = {isa = PBXFileReference; lastKnownFileType = sourcecode.swift; path = UserLocalRepo.swift; sourceTree = "<group>"; };
		B7E24286284B733F00A7FE0A /* RError.swift */ = {isa = PBXFileReference; lastKnownFileType = sourcecode.swift; path = RError.swift; sourceTree = "<group>"; };
		B7E24289284B74C200A7FE0A /* AppStorage.swift */ = {isa = PBXFileReference; lastKnownFileType = sourcecode.swift; path = AppStorage.swift; sourceTree = "<group>"; };
		B7E2428B284B74EB00A7FE0A /* StorageType.swift */ = {isa = PBXFileReference; lastKnownFileType = sourcecode.swift; path = StorageType.swift; sourceTree = "<group>"; };
		B7E2428E284B771D00A7FE0A /* UserDemoRepo.swift */ = {isa = PBXFileReference; lastKnownFileType = sourcecode.swift; path = UserDemoRepo.swift; sourceTree = "<group>"; };
		B7E24291284B787000A7FE0A /* UserRepoInOut.swift */ = {isa = PBXFileReference; lastKnownFileType = sourcecode.swift; path = UserRepoInOut.swift; sourceTree = "<group>"; };
/* End PBXFileReference section */

/* Begin PBXFrameworksBuildPhase section */
		B7E2422F284B6B6300A7FE0A /* Frameworks */ = {
			isa = PBXFrameworksBuildPhase;
			buildActionMask = 2147483647;
			files = (
			);
			runOnlyForDeploymentPostprocessing = 0;
		};
		B7E24248284B6B6400A7FE0A /* Frameworks */ = {
			isa = PBXFrameworksBuildPhase;
			buildActionMask = 2147483647;
			files = (
			);
			runOnlyForDeploymentPostprocessing = 0;
		};
		B7E24252284B6B6400A7FE0A /* Frameworks */ = {
			isa = PBXFrameworksBuildPhase;
			buildActionMask = 2147483647;
			files = (
			);
			runOnlyForDeploymentPostprocessing = 0;
		};
/* End PBXFrameworksBuildPhase section */

/* Begin PBXGroup section */
		B7E24229284B6B6300A7FE0A = {
			isa = PBXGroup;
			children = (
				B7E24234284B6B6300A7FE0A /* DevartLabTask */,
				B7E2424E284B6B6400A7FE0A /* DevartLabTaskTests */,
				B7E24258284B6B6400A7FE0A /* DevartLabTaskUITests */,
				B7E24233284B6B6300A7FE0A /* Products */,
			);
			sourceTree = "<group>";
		};
		B7E24233284B6B6300A7FE0A /* Products */ = {
			isa = PBXGroup;
			children = (
				B7E24232284B6B6300A7FE0A /* DevartLabTask.app */,
				B7E2424B284B6B6400A7FE0A /* DevartLabTaskTests.xctest */,
				B7E24255284B6B6400A7FE0A /* DevartLabTaskUITests.xctest */,
			);
			name = Products;
			sourceTree = "<group>";
		};
		B7E24234284B6B6300A7FE0A /* DevartLabTask */ = {
			isa = PBXGroup;
			children = (
				B7E2426B284B6C2B00A7FE0A /* Application */,
				B7E2426F284B6C4B00A7FE0A /* Presentation */,
				B7E2426E284B6C4400A7FE0A /* Infrastructure */,
				B7E2426D284B6C3B00A7FE0A /* Data */,
				B7E2426C284B6C3100A7FE0A /* Domain */,
			);
			path = DevartLabTask;
			sourceTree = "<group>";
		};
		B7E2424E284B6B6400A7FE0A /* DevartLabTaskTests */ = {
			isa = PBXGroup;
			children = (
				B7E2424F284B6B6400A7FE0A /* DevartLabTaskTests.swift */,
			);
			path = DevartLabTaskTests;
			sourceTree = "<group>";
		};
		B7E24258284B6B6400A7FE0A /* DevartLabTaskUITests */ = {
			isa = PBXGroup;
			children = (
				B7E24259284B6B6400A7FE0A /* DevartLabTaskUITests.swift */,
				B7E2425B284B6B6400A7FE0A /* DevartLabTaskUITestsLaunchTests.swift */,
			);
			path = DevartLabTaskUITests;
			sourceTree = "<group>";
		};
		B7E2426B284B6C2B00A7FE0A /* Application */ = {
			isa = PBXGroup;
			children = (
				B7E24235284B6B6300A7FE0A /* AppDelegate.swift */,
				B7E24237284B6B6300A7FE0A /* SceneDelegate.swift */,
				B7E24241284B6B6400A7FE0A /* Assets.xcassets */,
				B7E24246284B6B6400A7FE0A /* Info.plist */,
				B7E2423E284B6B6300A7FE0A /* DevartLabTask.xcdatamodeld */,
			);
			path = Application;
			sourceTree = "<group>";
		};
		B7E2426C284B6C3100A7FE0A /* Domain */ = {
			isa = PBXGroup;
			children = (
				B7E2427E284B6E7E00A7FE0A /* Entity */,
			);
			path = Domain;
			sourceTree = "<group>";
		};
		B7E2426D284B6C3B00A7FE0A /* Data */ = {
			isa = PBXGroup;
			children = (
				B7E24285284B732F00A7FE0A /* Utils */,
				B7E2427D284B6E4800A7FE0A /* Storage */,
				B7E2427C284B6E3700A7FE0A /* LocalDataRepo */,
				B7E2428D284B770900A7FE0A /* DemoDataRepo */,
			);
			path = Data;
			sourceTree = "<group>";
		};
		B7E2426E284B6C4400A7FE0A /* Infrastructure */ = {
			isa = PBXGroup;
			children = (
				B7E24274284B6CB900A7FE0A /* Repo */,
				B7E24273284B6CB400A7FE0A /* Extension */,
			);
			path = Infrastructure;
			sourceTree = "<group>";
		};
		B7E2426F284B6C4B00A7FE0A /* Presentation */ = {
			isa = PBXGroup;
			children = (
				B7E24270284B6C6400A7FE0A /* UI */,
				B7E24271284B6C6A00A7FE0A /* Scenes */,
			);
			path = Presentation;
			sourceTree = "<group>";
		};
		B7E24270284B6C6400A7FE0A /* UI */ = {
			isa = PBXGroup;
			children = (
				B7E24272284B6C7000A7FE0A /* Storyboard */,
			);
			path = UI;
			sourceTree = "<group>";
		};
		B7E24271284B6C6A00A7FE0A /* Scenes */ = {
			isa = PBXGroup;
			children = (
			);
			path = Scenes;
			sourceTree = "<group>";
		};
		B7E24272284B6C7000A7FE0A /* Storyboard */ = {
			isa = PBXGroup;
			children = (
				B7E24243284B6B6400A7FE0A /* LaunchScreen.storyboard */,
				B7E2423B284B6B6300A7FE0A /* Main.storyboard */,
			);
			path = Storyboard;
			sourceTree = "<group>";
		};
		B7E24273284B6CB400A7FE0A /* Extension */ = {
			isa = PBXGroup;
			children = (
				B7E24278284B6D4400A7FE0A /* UIView.swift */,
				B7E2427A284B6D5800A7FE0A /* UIWindow.swift */,
			);
			path = Extension;
			sourceTree = "<group>";
		};
		B7E24274284B6CB900A7FE0A /* Repo */ = {
			isa = PBXGroup;
			children = (
				B7E24276284B6CE200A7FE0A /* CoreDataRepository.swift */,
			);
			path = Repo;
			sourceTree = "<group>";
		};
		B7E2427C284B6E3700A7FE0A /* LocalDataRepo */ = {
			isa = PBXGroup;
			children = (
				B7E24283284B730900A7FE0A /* UserLocalRepo.swift */,
			);
			path = LocalDataRepo;
			sourceTree = "<group>";
		};
		B7E2427D284B6E4800A7FE0A /* Storage */ = {
			isa = PBXGroup;
			children = (
				B7E24289284B74C200A7FE0A /* AppStorage.swift */,
				B7E24288284B74B300A7FE0A /* repos */,
			);
			path = Storage;
			sourceTree = "<group>";
		};
		B7E2427E284B6E7E00A7FE0A /* Entity */ = {
			isa = PBXGroup;
			children = (
				B7E2427F284B6E8700A7FE0A /* UserModel.swift */,
			);
			path = Entity;
			sourceTree = "<group>";
		};
		B7E24285284B732F00A7FE0A /* Utils */ = {
			isa = PBXGroup;
			children = (
				B7E24286284B733F00A7FE0A /* RError.swift */,
				B7E2428B284B74EB00A7FE0A /* StorageType.swift */,
			);
			path = Utils;
			sourceTree = "<group>";
		};
		B7E24288284B74B300A7FE0A /* repos */ = {
			isa = PBXGroup;
			children = (
				B7E24290284B786400A7FE0A /* User */,
			);
			path = repos;
			sourceTree = "<group>";
		};
		B7E2428D284B770900A7FE0A /* DemoDataRepo */ = {
			isa = PBXGroup;
			children = (
				B7E2428E284B771D00A7FE0A /* UserDemoRepo.swift */,
			);
			path = DemoDataRepo;
			sourceTree = "<group>";
		};
		B7E24290284B786400A7FE0A /* User */ = {
			isa = PBXGroup;
			children = (
				B7E24291284B787000A7FE0A /* UserRepoInOut.swift */,
				B7E24281284B729E00A7FE0A /* UserRepo.swift */,
			);
			path = User;
			sourceTree = "<group>";
		};
/* End PBXGroup section */

/* Begin PBXNativeTarget section */
		B7E24231284B6B6300A7FE0A /* DevartLabTask */ = {
			isa = PBXNativeTarget;
			buildConfigurationList = B7E2425F284B6B6400A7FE0A /* Build configuration list for PBXNativeTarget "DevartLabTask" */;
			buildPhases = (
				B7E2422E284B6B6300A7FE0A /* Sources */,
				B7E2422F284B6B6300A7FE0A /* Frameworks */,
				B7E24230284B6B6300A7FE0A /* Resources */,
			);
			buildRules = (
			);
			dependencies = (
			);
			name = DevartLabTask;
			productName = DevartLabTask;
			productReference = B7E24232284B6B6300A7FE0A /* DevartLabTask.app */;
			productType = "com.apple.product-type.application";
		};
		B7E2424A284B6B6400A7FE0A /* DevartLabTaskTests */ = {
			isa = PBXNativeTarget;
			buildConfigurationList = B7E24262284B6B6400A7FE0A /* Build configuration list for PBXNativeTarget "DevartLabTaskTests" */;
			buildPhases = (
				B7E24247284B6B6400A7FE0A /* Sources */,
				B7E24248284B6B6400A7FE0A /* Frameworks */,
				B7E24249284B6B6400A7FE0A /* Resources */,
			);
			buildRules = (
			);
			dependencies = (
				B7E2424D284B6B6400A7FE0A /* PBXTargetDependency */,
			);
			name = DevartLabTaskTests;
			productName = DevartLabTaskTests;
			productReference = B7E2424B284B6B6400A7FE0A /* DevartLabTaskTests.xctest */;
			productType = "com.apple.product-type.bundle.unit-test";
		};
		B7E24254284B6B6400A7FE0A /* DevartLabTaskUITests */ = {
			isa = PBXNativeTarget;
			buildConfigurationList = B7E24265284B6B6400A7FE0A /* Build configuration list for PBXNativeTarget "DevartLabTaskUITests" */;
			buildPhases = (
				B7E24251284B6B6400A7FE0A /* Sources */,
				B7E24252284B6B6400A7FE0A /* Frameworks */,
				B7E24253284B6B6400A7FE0A /* Resources */,
			);
			buildRules = (
			);
			dependencies = (
				B7E24257284B6B6400A7FE0A /* PBXTargetDependency */,
			);
			name = DevartLabTaskUITests;
			productName = DevartLabTaskUITests;
			productReference = B7E24255284B6B6400A7FE0A /* DevartLabTaskUITests.xctest */;
			productType = "com.apple.product-type.bundle.ui-testing";
		};
/* End PBXNativeTarget section */

/* Begin PBXProject section */
		B7E2422A284B6B6300A7FE0A /* Project object */ = {
			isa = PBXProject;
			attributes = {
				BuildIndependentTargetsInParallel = 1;
				LastSwiftUpdateCheck = 1320;
				LastUpgradeCheck = 1320;
				TargetAttributes = {
					B7E24231284B6B6300A7FE0A = {
						CreatedOnToolsVersion = 13.2.1;
					};
					B7E2424A284B6B6400A7FE0A = {
						CreatedOnToolsVersion = 13.2.1;
						TestTargetID = B7E24231284B6B6300A7FE0A;
					};
					B7E24254284B6B6400A7FE0A = {
						CreatedOnToolsVersion = 13.2.1;
						TestTargetID = B7E24231284B6B6300A7FE0A;
					};
				};
			};
			buildConfigurationList = B7E2422D284B6B6300A7FE0A /* Build configuration list for PBXProject "DevartLabTask" */;
			compatibilityVersion = "Xcode 13.0";
			developmentRegion = en;
			hasScannedForEncodings = 0;
			knownRegions = (
				en,
				Base,
			);
			mainGroup = B7E24229284B6B6300A7FE0A;
			productRefGroup = B7E24233284B6B6300A7FE0A /* Products */;
			projectDirPath = "";
			projectRoot = "";
			targets = (
				B7E24231284B6B6300A7FE0A /* DevartLabTask */,
				B7E2424A284B6B6400A7FE0A /* DevartLabTaskTests */,
				B7E24254284B6B6400A7FE0A /* DevartLabTaskUITests */,
			);
		};
/* End PBXProject section */

/* Begin PBXResourcesBuildPhase section */
		B7E24230284B6B6300A7FE0A /* Resources */ = {
			isa = PBXResourcesBuildPhase;
			buildActionMask = 2147483647;
			files = (
				B7E24245284B6B6400A7FE0A /* LaunchScreen.storyboard in Resources */,
				B7E24242284B6B6400A7FE0A /* Assets.xcassets in Resources */,
				B7E2423D284B6B6300A7FE0A /* Main.storyboard in Resources */,
			);
			runOnlyForDeploymentPostprocessing = 0;
		};
		B7E24249284B6B6400A7FE0A /* Resources */ = {
			isa = PBXResourcesBuildPhase;
			buildActionMask = 2147483647;
			files = (
			);
			runOnlyForDeploymentPostprocessing = 0;
		};
		B7E24253284B6B6400A7FE0A /* Resources */ = {
			isa = PBXResourcesBuildPhase;
			buildActionMask = 2147483647;
			files = (
			);
			runOnlyForDeploymentPostprocessing = 0;
		};
/* End PBXResourcesBuildPhase section */

/* Begin PBXSourcesBuildPhase section */
		B7E2422E284B6B6300A7FE0A /* Sources */ = {
			isa = PBXSourcesBuildPhase;
			buildActionMask = 2147483647;
			files = (
				B7E24279284B6D4400A7FE0A /* UIView.swift in Sources */,
				B7E24280284B6E8700A7FE0A /* UserModel.swift in Sources */,
				B7E2428A284B74C200A7FE0A /* AppStorage.swift in Sources */,
				B7E2428C284B74EB00A7FE0A /* StorageType.swift in Sources */,
				B7E24236284B6B6300A7FE0A /* AppDelegate.swift in Sources */,
				B7E24240284B6B6300A7FE0A /* DevartLabTask.xcdatamodeld in Sources */,
				B7E24284284B730900A7FE0A /* UserLocalRepo.swift in Sources */,
				B7E2427B284B6D5800A7FE0A /* UIWindow.swift in Sources */,
				B7E24277284B6CE200A7FE0A /* CoreDataRepository.swift in Sources */,
				B7E2428F284B771D00A7FE0A /* UserDemoRepo.swift in Sources */,
				B7E24292284B787000A7FE0A /* UserRepoInOut.swift in Sources */,
				B7E24282284B729E00A7FE0A /* UserRepo.swift in Sources */,
				B7E24238284B6B6300A7FE0A /* SceneDelegate.swift in Sources */,
				B7E24287284B733F00A7FE0A /* RError.swift in Sources */,
			);
			runOnlyForDeploymentPostprocessing = 0;
		};
		B7E24247284B6B6400A7FE0A /* Sources */ = {
			isa = PBXSourcesBuildPhase;
			buildActionMask = 2147483647;
			files = (
				B7E24250284B6B6400A7FE0A /* DevartLabTaskTests.swift in Sources */,
			);
			runOnlyForDeploymentPostprocessing = 0;
		};
		B7E24251284B6B6400A7FE0A /* Sources */ = {
			isa = PBXSourcesBuildPhase;
			buildActionMask = 2147483647;
			files = (
				B7E2425A284B6B6400A7FE0A /* DevartLabTaskUITests.swift in Sources */,
				B7E2425C284B6B6400A7FE0A /* DevartLabTaskUITestsLaunchTests.swift in Sources */,
			);
			runOnlyForDeploymentPostprocessing = 0;
		};
/* End PBXSourcesBuildPhase section */

/* Begin PBXTargetDependency section */
		B7E2424D284B6B6400A7FE0A /* PBXTargetDependency */ = {
			isa = PBXTargetDependency;
			target = B7E24231284B6B6300A7FE0A /* DevartLabTask */;
			targetProxy = B7E2424C284B6B6400A7FE0A /* PBXContainerItemProxy */;
		};
		B7E24257284B6B6400A7FE0A /* PBXTargetDependency */ = {
			isa = PBXTargetDependency;
			target = B7E24231284B6B6300A7FE0A /* DevartLabTask */;
			targetProxy = B7E24256284B6B6400A7FE0A /* PBXContainerItemProxy */;
		};
/* End PBXTargetDependency section */

/* Begin PBXVariantGroup section */
		B7E2423B284B6B6300A7FE0A /* Main.storyboard */ = {
			isa = PBXVariantGroup;
			children = (
				B7E2423C284B6B6300A7FE0A /* Base */,
			);
			name = Main.storyboard;
			sourceTree = "<group>";
		};
		B7E24243284B6B6400A7FE0A /* LaunchScreen.storyboard */ = {
			isa = PBXVariantGroup;
			children = (
				B7E24244284B6B6400A7FE0A /* Base */,
			);
			name = LaunchScreen.storyboard;
			sourceTree = "<group>";
		};
/* End PBXVariantGroup section */

/* Begin XCBuildConfiguration section */
		B7E2425D284B6B6400A7FE0A /* Debug */ = {
			isa = XCBuildConfiguration;
			buildSettings = {
				ALWAYS_SEARCH_USER_PATHS = NO;
				CLANG_ANALYZER_NONNULL = YES;
				CLANG_ANALYZER_NUMBER_OBJECT_CONVERSION = YES_AGGRESSIVE;
				CLANG_CXX_LANGUAGE_STANDARD = "gnu++17";
				CLANG_CXX_LIBRARY = "libc++";
				CLANG_ENABLE_MODULES = YES;
				CLANG_ENABLE_OBJC_ARC = YES;
				CLANG_ENABLE_OBJC_WEAK = YES;
				CLANG_WARN_BLOCK_CAPTURE_AUTORELEASING = YES;
				CLANG_WARN_BOOL_CONVERSION = YES;
				CLANG_WARN_COMMA = YES;
				CLANG_WARN_CONSTANT_CONVERSION = YES;
				CLANG_WARN_DEPRECATED_OBJC_IMPLEMENTATIONS = YES;
				CLANG_WARN_DIRECT_OBJC_ISA_USAGE = YES_ERROR;
				CLANG_WARN_DOCUMENTATION_COMMENTS = YES;
				CLANG_WARN_EMPTY_BODY = YES;
				CLANG_WARN_ENUM_CONVERSION = YES;
				CLANG_WARN_INFINITE_RECURSION = YES;
				CLANG_WARN_INT_CONVERSION = YES;
				CLANG_WARN_NON_LITERAL_NULL_CONVERSION = YES;
				CLANG_WARN_OBJC_IMPLICIT_RETAIN_SELF = YES;
				CLANG_WARN_OBJC_LITERAL_CONVERSION = YES;
				CLANG_WARN_OBJC_ROOT_CLASS = YES_ERROR;
				CLANG_WARN_QUOTED_INCLUDE_IN_FRAMEWORK_HEADER = YES;
				CLANG_WARN_RANGE_LOOP_ANALYSIS = YES;
				CLANG_WARN_STRICT_PROTOTYPES = YES;
				CLANG_WARN_SUSPICIOUS_MOVE = YES;
				CLANG_WARN_UNGUARDED_AVAILABILITY = YES_AGGRESSIVE;
				CLANG_WARN_UNREACHABLE_CODE = YES;
				CLANG_WARN__DUPLICATE_METHOD_MATCH = YES;
				COPY_PHASE_STRIP = NO;
				DEBUG_INFORMATION_FORMAT = dwarf;
				ENABLE_STRICT_OBJC_MSGSEND = YES;
				ENABLE_TESTABILITY = YES;
				GCC_C_LANGUAGE_STANDARD = gnu11;
				GCC_DYNAMIC_NO_PIC = NO;
				GCC_NO_COMMON_BLOCKS = YES;
				GCC_OPTIMIZATION_LEVEL = 0;
				GCC_PREPROCESSOR_DEFINITIONS = (
					"DEBUG=1",
					"$(inherited)",
				);
				GCC_WARN_64_TO_32_BIT_CONVERSION = YES;
				GCC_WARN_ABOUT_RETURN_TYPE = YES_ERROR;
				GCC_WARN_UNDECLARED_SELECTOR = YES;
				GCC_WARN_UNINITIALIZED_AUTOS = YES_AGGRESSIVE;
				GCC_WARN_UNUSED_FUNCTION = YES;
				GCC_WARN_UNUSED_VARIABLE = YES;
				IPHONEOS_DEPLOYMENT_TARGET = 15.2;
				MTL_ENABLE_DEBUG_INFO = INCLUDE_SOURCE;
				MTL_FAST_MATH = YES;
				ONLY_ACTIVE_ARCH = YES;
				SDKROOT = iphoneos;
				SWIFT_ACTIVE_COMPILATION_CONDITIONS = DEBUG;
				SWIFT_OPTIMIZATION_LEVEL = "-Onone";
			};
			name = Debug;
		};
		B7E2425E284B6B6400A7FE0A /* Release */ = {
			isa = XCBuildConfiguration;
			buildSettings = {
				ALWAYS_SEARCH_USER_PATHS = NO;
				CLANG_ANALYZER_NONNULL = YES;
				CLANG_ANALYZER_NUMBER_OBJECT_CONVERSION = YES_AGGRESSIVE;
				CLANG_CXX_LANGUAGE_STANDARD = "gnu++17";
				CLANG_CXX_LIBRARY = "libc++";
				CLANG_ENABLE_MODULES = YES;
				CLANG_ENABLE_OBJC_ARC = YES;
				CLANG_ENABLE_OBJC_WEAK = YES;
				CLANG_WARN_BLOCK_CAPTURE_AUTORELEASING = YES;
				CLANG_WARN_BOOL_CONVERSION = YES;
				CLANG_WARN_COMMA = YES;
				CLANG_WARN_CONSTANT_CONVERSION = YES;
				CLANG_WARN_DEPRECATED_OBJC_IMPLEMENTATIONS = YES;
				CLANG_WARN_DIRECT_OBJC_ISA_USAGE = YES_ERROR;
				CLANG_WARN_DOCUMENTATION_COMMENTS = YES;
				CLANG_WARN_EMPTY_BODY = YES;
				CLANG_WARN_ENUM_CONVERSION = YES;
				CLANG_WARN_INFINITE_RECURSION = YES;
				CLANG_WARN_INT_CONVERSION = YES;
				CLANG_WARN_NON_LITERAL_NULL_CONVERSION = YES;
				CLANG_WARN_OBJC_IMPLICIT_RETAIN_SELF = YES;
				CLANG_WARN_OBJC_LITERAL_CONVERSION = YES;
				CLANG_WARN_OBJC_ROOT_CLASS = YES_ERROR;
				CLANG_WARN_QUOTED_INCLUDE_IN_FRAMEWORK_HEADER = YES;
				CLANG_WARN_RANGE_LOOP_ANALYSIS = YES;
				CLANG_WARN_STRICT_PROTOTYPES = YES;
				CLANG_WARN_SUSPICIOUS_MOVE = YES;
				CLANG_WARN_UNGUARDED_AVAILABILITY = YES_AGGRESSIVE;
				CLANG_WARN_UNREACHABLE_CODE = YES;
				CLANG_WARN__DUPLICATE_METHOD_MATCH = YES;
				COPY_PHASE_STRIP = NO;
				DEBUG_INFORMATION_FORMAT = "dwarf-with-dsym";
				ENABLE_NS_ASSERTIONS = NO;
				ENABLE_STRICT_OBJC_MSGSEND = YES;
				GCC_C_LANGUAGE_STANDARD = gnu11;
				GCC_NO_COMMON_BLOCKS = YES;
				GCC_WARN_64_TO_32_BIT_CONVERSION = YES;
				GCC_WARN_ABOUT_RETURN_TYPE = YES_ERROR;
				GCC_WARN_UNDECLARED_SELECTOR = YES;
				GCC_WARN_UNINITIALIZED_AUTOS = YES_AGGRESSIVE;
				GCC_WARN_UNUSED_FUNCTION = YES;
				GCC_WARN_UNUSED_VARIABLE = YES;
				IPHONEOS_DEPLOYMENT_TARGET = 15.2;
				MTL_ENABLE_DEBUG_INFO = NO;
				MTL_FAST_MATH = YES;
				SDKROOT = iphoneos;
				SWIFT_COMPILATION_MODE = wholemodule;
				SWIFT_OPTIMIZATION_LEVEL = "-O";
				VALIDATE_PRODUCT = YES;
			};
			name = Release;
		};
		B7E24260284B6B6400A7FE0A /* Debug */ = {
			isa = XCBuildConfiguration;
			buildSettings = {
				ASSETCATALOG_COMPILER_APPICON_NAME = AppIcon;
				ASSETCATALOG_COMPILER_GLOBAL_ACCENT_COLOR_NAME = AccentColor;
				CODE_SIGN_STYLE = Automatic;
				CURRENT_PROJECT_VERSION = 1;
				DEVELOPMENT_TEAM = VGWPAJ5SG4;
				GENERATE_INFOPLIST_FILE = YES;
				INFOPLIST_FILE = DevartLabTask/Application/Info.plist;
				INFOPLIST_KEY_UIApplicationSupportsIndirectInputEvents = YES;
				INFOPLIST_KEY_UILaunchStoryboardName = LaunchScreen;
				INFOPLIST_KEY_UIMainStoryboardFile = Main;
				INFOPLIST_KEY_UISupportedInterfaceOrientations = "UIInterfaceOrientationLandscapeLeft UIInterfaceOrientationLandscapeRight UIInterfaceOrientationPortrait";
				INFOPLIST_KEY_UISupportedInterfaceOrientations_iPad = "UIInterfaceOrientationPortrait UIInterfaceOrientationPortraitUpsideDown UIInterfaceOrientationLandscapeLeft UIInterfaceOrientationLandscapeRight";
				INFOPLIST_KEY_UISupportedInterfaceOrientations_iPhone = "UIInterfaceOrientationPortrait UIInterfaceOrientationLandscapeLeft UIInterfaceOrientationLandscapeRight";
				LD_RUNPATH_SEARCH_PATHS = (
					"$(inherited)",
					"@executable_path/Frameworks",
				);
				MARKETING_VERSION = 1.0;
				PRODUCT_BUNDLE_IDENTIFIER = mahmoud.com.DevartLabTask;
				PRODUCT_NAME = "$(TARGET_NAME)";
				SWIFT_EMIT_LOC_STRINGS = YES;
				SWIFT_VERSION = 5.0;
				TARGETED_DEVICE_FAMILY = "1,2";
			};
			name = Debug;
		};
		B7E24261284B6B6400A7FE0A /* Release */ = {
			isa = XCBuildConfiguration;
			buildSettings = {
				ASSETCATALOG_COMPILER_APPICON_NAME = AppIcon;
				ASSETCATALOG_COMPILER_GLOBAL_ACCENT_COLOR_NAME = AccentColor;
				CODE_SIGN_STYLE = Automatic;
				CURRENT_PROJECT_VERSION = 1;
				DEVELOPMENT_TEAM = VGWPAJ5SG4;
				GENERATE_INFOPLIST_FILE = YES;
				INFOPLIST_FILE = DevartLabTask/Application/Info.plist;
				INFOPLIST_KEY_UIApplicationSupportsIndirectInputEvents = YES;
				INFOPLIST_KEY_UILaunchStoryboardName = LaunchScreen;
				INFOPLIST_KEY_UIMainStoryboardFile = Main;
				INFOPLIST_KEY_UISupportedInterfaceOrientations = "UIInterfaceOrientationLandscapeLeft UIInterfaceOrientationLandscapeRight UIInterfaceOrientationPortrait";
				INFOPLIST_KEY_UISupportedInterfaceOrientations_iPad = "UIInterfaceOrientationPortrait UIInterfaceOrientationPortraitUpsideDown UIInterfaceOrientationLandscapeLeft UIInterfaceOrientationLandscapeRight";
				INFOPLIST_KEY_UISupportedInterfaceOrientations_iPhone = "UIInterfaceOrientationPortrait UIInterfaceOrientationLandscapeLeft UIInterfaceOrientationLandscapeRight";
				LD_RUNPATH_SEARCH_PATHS = (
					"$(inherited)",
					"@executable_path/Frameworks",
				);
				MARKETING_VERSION = 1.0;
				PRODUCT_BUNDLE_IDENTIFIER = mahmoud.com.DevartLabTask;
				PRODUCT_NAME = "$(TARGET_NAME)";
				SWIFT_EMIT_LOC_STRINGS = YES;
				SWIFT_VERSION = 5.0;
				TARGETED_DEVICE_FAMILY = "1,2";
			};
			name = Release;
		};
		B7E24263284B6B6400A7FE0A /* Debug */ = {
			isa = XCBuildConfiguration;
			buildSettings = {
				ALWAYS_EMBED_SWIFT_STANDARD_LIBRARIES = YES;
				BUNDLE_LOADER = "$(TEST_HOST)";
				CODE_SIGN_STYLE = Automatic;
				CURRENT_PROJECT_VERSION = 1;
				DEVELOPMENT_TEAM = 4673NFB24A;
				GENERATE_INFOPLIST_FILE = YES;
				IPHONEOS_DEPLOYMENT_TARGET = 15.2;
				MARKETING_VERSION = 1.0;
				PRODUCT_BUNDLE_IDENTIFIER = mahmoud.com.NetworkLayer.DevartLabTaskTests;
				PRODUCT_NAME = "$(TARGET_NAME)";
				SWIFT_EMIT_LOC_STRINGS = NO;
				SWIFT_VERSION = 5.0;
				TARGETED_DEVICE_FAMILY = "1,2";
				TEST_HOST = "$(BUILT_PRODUCTS_DIR)/DevartLabTask.app/DevartLabTask";
			};
			name = Debug;
		};
		B7E24264284B6B6400A7FE0A /* Release */ = {
			isa = XCBuildConfiguration;
			buildSettings = {
				ALWAYS_EMBED_SWIFT_STANDARD_LIBRARIES = YES;
				BUNDLE_LOADER = "$(TEST_HOST)";
				CODE_SIGN_STYLE = Automatic;
				CURRENT_PROJECT_VERSION = 1;
				DEVELOPMENT_TEAM = 4673NFB24A;
				GENERATE_INFOPLIST_FILE = YES;
				IPHONEOS_DEPLOYMENT_TARGET = 15.2;
				MARKETING_VERSION = 1.0;
				PRODUCT_BUNDLE_IDENTIFIER = mahmoud.com.NetworkLayer.DevartLabTaskTests;
				PRODUCT_NAME = "$(TARGET_NAME)";
				SWIFT_EMIT_LOC_STRINGS = NO;
				SWIFT_VERSION = 5.0;
				TARGETED_DEVICE_FAMILY = "1,2";
				TEST_HOST = "$(BUILT_PRODUCTS_DIR)/DevartLabTask.app/DevartLabTask";
			};
			name = Release;
		};
		B7E24266284B6B6400A7FE0A /* Debug */ = {
			isa = XCBuildConfiguration;
			buildSettings = {
				ALWAYS_EMBED_SWIFT_STANDARD_LIBRARIES = YES;
				CODE_SIGN_STYLE = Automatic;
				CURRENT_PROJECT_VERSION = 1;
				DEVELOPMENT_TEAM = 4673NFB24A;
				GENERATE_INFOPLIST_FILE = YES;
				MARKETING_VERSION = 1.0;
				PRODUCT_BUNDLE_IDENTIFIER = mahmoud.com.NetworkLayer.DevartLabTaskUITests;
				PRODUCT_NAME = "$(TARGET_NAME)";
				SWIFT_EMIT_LOC_STRINGS = NO;
				SWIFT_VERSION = 5.0;
				TARGETED_DEVICE_FAMILY = "1,2";
				TEST_TARGET_NAME = DevartLabTask;
			};
			name = Debug;
		};
		B7E24267284B6B6400A7FE0A /* Release */ = {
			isa = XCBuildConfiguration;
			buildSettings = {
				ALWAYS_EMBED_SWIFT_STANDARD_LIBRARIES = YES;
				CODE_SIGN_STYLE = Automatic;
				CURRENT_PROJECT_VERSION = 1;
				DEVELOPMENT_TEAM = 4673NFB24A;
				GENERATE_INFOPLIST_FILE = YES;
				MARKETING_VERSION = 1.0;
				PRODUCT_BUNDLE_IDENTIFIER = mahmoud.com.NetworkLayer.DevartLabTaskUITests;
				PRODUCT_NAME = "$(TARGET_NAME)";
				SWIFT_EMIT_LOC_STRINGS = NO;
				SWIFT_VERSION = 5.0;
				TARGETED_DEVICE_FAMILY = "1,2";
				TEST_TARGET_NAME = DevartLabTask;
			};
			name = Release;
		};
/* End XCBuildConfiguration section */

/* Begin XCConfigurationList section */
		B7E2422D284B6B6300A7FE0A /* Build configuration list for PBXProject "DevartLabTask" */ = {
			isa = XCConfigurationList;
			buildConfigurations = (
				B7E2425D284B6B6400A7FE0A /* Debug */,
				B7E2425E284B6B6400A7FE0A /* Release */,
			);
			defaultConfigurationIsVisible = 0;
			defaultConfigurationName = Release;
		};
		B7E2425F284B6B6400A7FE0A /* Build configuration list for PBXNativeTarget "DevartLabTask" */ = {
			isa = XCConfigurationList;
			buildConfigurations = (
				B7E24260284B6B6400A7FE0A /* Debug */,
				B7E24261284B6B6400A7FE0A /* Release */,
			);
			defaultConfigurationIsVisible = 0;
			defaultConfigurationName = Release;
		};
		B7E24262284B6B6400A7FE0A /* Build configuration list for PBXNativeTarget "DevartLabTaskTests" */ = {
			isa = XCConfigurationList;
			buildConfigurations = (
				B7E24263284B6B6400A7FE0A /* Debug */,
				B7E24264284B6B6400A7FE0A /* Release */,
			);
			defaultConfigurationIsVisible = 0;
			defaultConfigurationName = Release;
		};
		B7E24265284B6B6400A7FE0A /* Build configuration list for PBXNativeTarget "DevartLabTaskUITests" */ = {
			isa = XCConfigurationList;
			buildConfigurations = (
				B7E24266284B6B6400A7FE0A /* Debug */,
				B7E24267284B6B6400A7FE0A /* Release */,
			);
			defaultConfigurationIsVisible = 0;
			defaultConfigurationName = Release;
		};
/* End XCConfigurationList section */

/* Begin XCVersionGroup section */
		B7E2423E284B6B6300A7FE0A /* DevartLabTask.xcdatamodeld */ = {
			isa = XCVersionGroup;
			children = (
				B7E2423F284B6B6300A7FE0A /* DevartLabTask.xcdatamodel */,
			);
			currentVersion = B7E2423F284B6B6300A7FE0A /* DevartLabTask.xcdatamodel */;
			path = DevartLabTask.xcdatamodeld;
			sourceTree = "<group>";
			versionGroupType = wrapper.xcdatamodel;
		};
/* End XCVersionGroup section */
	};
	rootObject = B7E2422A284B6B6300A7FE0A /* Project object */;
}
